
Microsoft Visual Studio Solution File, Format Version 12.00
# Visual Studio Version 17
VisualStudioVersion = 17.6.33815.320
MinimumVisualStudioVersion = 10.0.40219.1
Project("{FAE04EC0-301F-11D3-BF4B-00C04F79EFBC}") = "BensModManager.Api", "BensModManager.Api.csproj", "{4C050482-5829-4FF3-8863-5354C593756D}"
EndProject
Global
	GlobalSection(SolutionConfigurationPlatforms) = preSolution
		Debug|Any CPU = Debug|Any CPU
		Release|Any CPU = Release|Any CPU
	EndGlobalSection
	GlobalSection(ProjectConfigurationPlatforms) = postSolution
		{4C050482-5829-4FF3-8863-5354C593756D}.Debug|Any CPU.ActiveCfg = Debug|Any CPU
		{4C050482-5829-4FF3-8863-5354C593756D}.Debug|Any CPU.Build.0 = Debug|Any CPU
		{4C050482-5829-4FF3-8863-5354C593756D}.Release|Any CPU.ActiveCfg = Release|Any CPU
		{4C050482-5829-4FF3-8863-5354C593756D}.Release|Any CPU.Build.0 = Release|Any CPU
	EndGlobalSection
	GlobalSection(SolutionProperties) = preSolution
		HideSolutionNode = FALSE
	EndGlobalSection
	GlobalSection(ExtensibilityGlobals) = postSolution
		SolutionGuid = {44C76888-B7D0-4879-ADBC-A2B7D7648770}
	EndGlobalSection
EndGlobal
